
Microsoft Visual Studio Solution File, Format Version 12.00
# Visual Studio Version 17
VisualStudioVersion = 17.4.33122.133
MinimumVisualStudioVersion = 10.0.40219.1
Project("{FAE04EC0-301F-11D3-BF4B-00C04F79EFBC}") = "AFIP-API", "AFIP-API\AFIP-API.csproj", "{A3194188-0820-409C-BEDB-EF5912EC41D3}"
EndProject
Global
	GlobalSection(SolutionConfigurationPlatforms) = preSolution
		Debug|Any CPU = Debug|Any CPU
		Release|Any CPU = Release|Any CPU
	EndGlobalSection
	GlobalSection(ProjectConfigurationPlatforms) = postSolution
		{A3194188-0820-409C-BEDB-EF5912EC41D3}.Debug|Any CPU.ActiveCfg = Debug|Any CPU
		{A3194188-0820-409C-BEDB-EF5912EC41D3}.Debug|Any CPU.Build.0 = Debug|Any CPU
		{A3194188-0820-409C-BEDB-EF5912EC41D3}.Release|Any CPU.ActiveCfg = Release|Any CPU
		{A3194188-0820-409C-BEDB-EF5912EC41D3}.Release|Any CPU.Build.0 = Release|Any CPU
	EndGlobalSection
	GlobalSection(SolutionProperties) = preSolution
		HideSolutionNode = FALSE
	EndGlobalSection
	GlobalSection(ExtensibilityGlobals) = postSolution
		SolutionGuid = {D8AC0D27-F843-4678-98DD-A766AF6E771E}
	EndGlobalSection
EndGlobal
