
Microsoft Visual Studio Solution File, Format Version 12.00
# Visual Studio Version 17
VisualStudioVersion = 17.4.33122.133
MinimumVisualStudioVersion = 10.0.40219.1
Project("{FAE04EC0-301F-11D3-BF4B-00C04F79EFBC}") = "BuilderPatternExample", "BuilderPatternExample\BuilderPatternExample.csproj", "{5D756191-C274-4AF0-A76B-875ACADCA79A}"
EndProject
Global
	GlobalSection(SolutionConfigurationPlatforms) = preSolution
		Debug|Any CPU = Debug|Any CPU
		Release|Any CPU = Release|Any CPU
	EndGlobalSection
	GlobalSection(ProjectConfigurationPlatforms) = postSolution
		{5D756191-C274-4AF0-A76B-875ACADCA79A}.Debug|Any CPU.ActiveCfg = Debug|Any CPU
		{5D756191-C274-4AF0-A76B-875ACADCA79A}.Debug|Any CPU.Build.0 = Debug|Any CPU
		{5D756191-C274-4AF0-A76B-875ACADCA79A}.Release|Any CPU.ActiveCfg = Release|Any CPU
		{5D756191-C274-4AF0-A76B-875ACADCA79A}.Release|Any CPU.Build.0 = Release|Any CPU
	EndGlobalSection
	GlobalSection(SolutionProperties) = preSolution
		HideSolutionNode = FALSE
	EndGlobalSection
	GlobalSection(ExtensibilityGlobals) = postSolution
		SolutionGuid = {5D26386A-0E6F-4B81-94B2-70ECD6F46A37}
	EndGlobalSection
EndGlobal
