
Microsoft Visual Studio Solution File, Format Version 12.00
# Visual Studio Version 16
VisualStudioVersion = 16.0.30114.105
MinimumVisualStudioVersion = 10.0.40219.1
Project("{FAE04EC0-301F-11D3-BF4B-00C04F79EFBC}") = "Patrones.Builder.Core", "Patrones.Builder.Core\Patrones.Builder.Core.csproj", "{815ABBB5-80DF-432A-846A-3E5473D3FB53}"
EndProject
Project("{FAE04EC0-301F-11D3-BF4B-00C04F79EFBC}") = "Patrones.Builder.UI", "Patrones.Builder.UI\Patrones.Builder.UI.csproj", "{52FBCDC1-E2FE-4F17-80F2-188822D55AC5}"
EndProject
Global
	GlobalSection(SolutionConfigurationPlatforms) = preSolution
		Debug|Any CPU = Debug|Any CPU
		Release|Any CPU = Release|Any CPU
	EndGlobalSection
	GlobalSection(ProjectConfigurationPlatforms) = postSolution
		{815ABBB5-80DF-432A-846A-3E5473D3FB53}.Debug|Any CPU.ActiveCfg = Debug|Any CPU
		{815ABBB5-80DF-432A-846A-3E5473D3FB53}.Debug|Any CPU.Build.0 = Debug|Any CPU
		{815ABBB5-80DF-432A-846A-3E5473D3FB53}.Release|Any CPU.ActiveCfg = Release|Any CPU
		{815ABBB5-80DF-432A-846A-3E5473D3FB53}.Release|Any CPU.Build.0 = Release|Any CPU
		{52FBCDC1-E2FE-4F17-80F2-188822D55AC5}.Debug|Any CPU.ActiveCfg = Debug|Any CPU
		{52FBCDC1-E2FE-4F17-80F2-188822D55AC5}.Debug|Any CPU.Build.0 = Debug|Any CPU
		{52FBCDC1-E2FE-4F17-80F2-188822D55AC5}.Release|Any CPU.ActiveCfg = Release|Any CPU
		{52FBCDC1-E2FE-4F17-80F2-188822D55AC5}.Release|Any CPU.Build.0 = Release|Any CPU
	EndGlobalSection
	GlobalSection(SolutionProperties) = preSolution
		HideSolutionNode = FALSE
	EndGlobalSection
	GlobalSection(ExtensibilityGlobals) = postSolution
		SolutionGuid = {95D447FD-240C-4DF1-997B-5F2E480E6E8C}
	EndGlobalSection
EndGlobal
